{
  "requires": true,
  "lockfileVersion": 1,
  "dependencies": {
    "@angular/flex-layout": {
      "version": "11.0.0-beta.33",
      "resolved": "https://registry.npmjs.org/@angular/flex-layout/-/flex-layout-11.0.0-beta.33.tgz",
      "integrity": "sha512-unfhw3abZuKtdwQicRStHCYGbANPTHYg4WNRQk/RC5Mxq+4WOp4Q8HI7GqRHCGUYDCGUP7w1sU/oDt8f09nM8w==",
      "requires": {
        "tslib": "^2.0.0"
      }
    },
    "tslib": {
      "version": "2.1.0",
      "resolved": "https://registry.npmjs.org/tslib/-/tslib-2.1.0.tgz",
      "integrity": "sha512-hcVC3wYEziELGGmEEXue7D75zbwIIVUMWAVbHItGPx0ziyXxrOMQx4rQEVEV45Ut/1IotuEvwqPopzIOkDMf0A=="
    }
  }
}
